PODS:
  - Constraint (0.9.1)
  - R.swift (5.0.0.alpha.2):
    - R.swift.Library (~> 5.0.0.alpha.2)
  - R.swift.Library (5.0.0.alpha.2)
  - SwiftLint (0.27.0)

DEPENDENCIES:
  - Constraint
  - R.swift (~> 5.0.0.alpha.2)
  - SwiftLint

SPEC REPOS:
  https://github.com/cocoapods/specs.git:
    - Constraint
    - R.swift
    - R.swift.Library
    - SwiftLint

SPEC CHECKSUMS:
  Constraint: fab2a53dd2477c3bdda1302fe785ffffd92e2a54
  R.swift: 31fa1bd537fa81307815cc622122f33331f32174
  R.swift.Library: 3c21b823839bf5a6769dc7f96cb44479dab51b1b
  SwiftLint: 3207c1faa2240bf8973b191820a116113cd11073

PODFILE CHECKSUM: e78a0a55938575dfeb268a514dd72fa8dfcf91b9

COCOAPODS: 1.5.3
