// !$*UTF8*$!
{
	archiveVersion = 1;
	classes = {
	};
	objectVersion = 50;
	objects = {

/* Begin PBXBuildFile section */
		A0328B06215516D3001B8B6E /* UIButton+BlockAction.swift in Sources */ = {isa = PBXBuildFile; fileRef = A0328B05215516D2001B8B6E /* UIButton+BlockAction.swift */; };
		A0328B08215516EE001B8B6E /* UITextField+BlockAction.swift in Sources */ = {isa = PBXBuildFile; fileRef = A0328B07215516EE001B8B6E /* UITextField+BlockAction.swift */; };
		A0328B0B21551869001B8B6E /* CreateChatViewModel.swift in Sources */ = {isa = PBXBuildFile; fileRef = A0328B0A21551869001B8B6E /* CreateChatViewModel.swift */; };
		A0328B0D215518EA001B8B6E /* CreateChatViewModelBuilder.swift in Sources */ = {isa = PBXBuildFile; fileRef = A0328B0C215518EA001B8B6E /* CreateChatViewModelBuilder.swift */; };
		A0328B1621557C13001B8B6E /* UITableViewCell+BlockAction.swift in Sources */ = {isa = PBXBuildFile; fileRef = A0328B1521557C13001B8B6E /* UITableViewCell+BlockAction.swift */; };
		A06C14F9214A0B0C00833E90 /* BaseNavigationViewController.swift in Sources */ = {isa = PBXBuildFile; fileRef = A06C14F8214A0B0C00833E90 /* BaseNavigationViewController.swift */; };
		A06C14FE214A0FB900833E90 /* ChatsView.swift in Sources */ = {isa = PBXBuildFile; fileRef = A06C14FD214A0FB900833E90 /* ChatsView.swift */; };
		A06C1503214A148100833E90 /* Chat.swift in Sources */ = {isa = PBXBuildFile; fileRef = A06C1502214A148100833E90 /* Chat.swift */; };
		A06C1509214A152900833E90 /* BodyParameterConvertible.swift in Sources */ = {isa = PBXBuildFile; fileRef = A06C1505214A152900833E90 /* BodyParameterConvertible.swift */; };
		A06C150A214A152900833E90 /* ParameterMapper.swift in Sources */ = {isa = PBXBuildFile; fileRef = A06C1506214A152900833E90 /* ParameterMapper.swift */; };
		A06C150B214A152900833E90 /* RequestHandler.swift in Sources */ = {isa = PBXBuildFile; fileRef = A06C1507214A152900833E90 /* RequestHandler.swift */; };
		A06C150C214A152900833E90 /* Request.swift in Sources */ = {isa = PBXBuildFile; fileRef = A06C1508214A152900833E90 /* Request.swift */; };
		A06C150E214A190600833E90 /* ChatTableViewCell.swift in Sources */ = {isa = PBXBuildFile; fileRef = A06C150D214A190600833E90 /* ChatTableViewCell.swift */; };
		A0A4AC922177AEBD002B0AE4 /* MessageEvent.swift in Sources */ = {isa = PBXBuildFile; fileRef = A0A4AC912177AEBD002B0AE4 /* MessageEvent.swift */; };
		A0A4AC962177AF1B002B0AE4 /* MessageEventRouter.swift in Sources */ = {isa = PBXBuildFile; fileRef = A0A4AC952177AF1B002B0AE4 /* MessageEventRouter.swift */; };
		A0A4AC982177AF67002B0AE4 /* MessageEventHandler.swift in Sources */ = {isa = PBXBuildFile; fileRef = A0A4AC972177AF67002B0AE4 /* MessageEventHandler.swift */; };
		A0A4AC9A2179060B002B0AE4 /* ChatListItemViewModelBuilder.swift in Sources */ = {isa = PBXBuildFile; fileRef = A0A4AC992179060B002B0AE4 /* ChatListItemViewModelBuilder.swift */; };
		A0ADF285215442AD00D31AFC /* ChatListViewModelBuilder.swift in Sources */ = {isa = PBXBuildFile; fileRef = A0ADF284215442AD00D31AFC /* ChatListViewModelBuilder.swift */; };
		A0ADF28721544EFC00D31AFC /* UIBarButton+BlockAction.swift in Sources */ = {isa = PBXBuildFile; fileRef = A0ADF28621544EFC00D31AFC /* UIBarButton+BlockAction.swift */; };
		A0C8EA59214BF32D0025F31B /* CreateChatViewController.swift in Sources */ = {isa = PBXBuildFile; fileRef = A0C8EA58214BF32D0025F31B /* CreateChatViewController.swift */; };
		A0C8EA5D214BF3800025F31B /* CreateChatView.swift in Sources */ = {isa = PBXBuildFile; fileRef = A0C8EA5C214BF3800025F31B /* CreateChatView.swift */; };
		A0C8EA5F214C64830025F31B /* BaseAccessoryView.swift in Sources */ = {isa = PBXBuildFile; fileRef = A0C8EA5E214C64830025F31B /* BaseAccessoryView.swift */; };
		A0C8EA62214D612E0025F31B /* ChatView.swift in Sources */ = {isa = PBXBuildFile; fileRef = A0C8EA61214D612E0025F31B /* ChatView.swift */; };
		A0C8EA64214D7FF60025F31B /* ActionButton.swift in Sources */ = {isa = PBXBuildFile; fileRef = A0C8EA63214D7FF60025F31B /* ActionButton.swift */; };
		A0C8EA66214D80AC0025F31B /* MessageTableViewCell.swift in Sources */ = {isa = PBXBuildFile; fileRef = A0C8EA65214D80AC0025F31B /* MessageTableViewCell.swift */; };
		A0C8EA68214D812A0025F31B /* Message.swift in Sources */ = {isa = PBXBuildFile; fileRef = A0C8EA67214D812A0025F31B /* Message.swift */; };
		A0C8EA6A214D91F30025F31B /* MessageBubble.swift in Sources */ = {isa = PBXBuildFile; fileRef = A0C8EA69214D91F30025F31B /* MessageBubble.swift */; };
		A0C8EA6C214E974E0025F31B /* DateRenderer.swift in Sources */ = {isa = PBXBuildFile; fileRef = A0C8EA6B214E974E0025F31B /* DateRenderer.swift */; };
		A0C8EA70214F43F50025F31B /* TableViewDataDifferentiator.swift in Sources */ = {isa = PBXBuildFile; fileRef = A0C8EA6F214F43F50025F31B /* TableViewDataDifferentiator.swift */; };
		A0C8EA74215038080025F31B /* ChatModelController.swift in Sources */ = {isa = PBXBuildFile; fileRef = A0C8EA73215038080025F31B /* ChatModelController.swift */; };
		A0C8EA762150392F0025F31B /* ChatWebSocketController.swift in Sources */ = {isa = PBXBuildFile; fileRef = A0C8EA752150392F0025F31B /* ChatWebSocketController.swift */; };
		A0C8EA7921503D900025F31B /* ConversationSimulator.swift in Sources */ = {isa = PBXBuildFile; fileRef = A0C8EA7821503D900025F31B /* ConversationSimulator.swift */; };
		A0C8EA7B21503E2D0025F31B /* SimulatedConversation.swift in Sources */ = {isa = PBXBuildFile; fileRef = A0C8EA7A21503E2D0025F31B /* SimulatedConversation.swift */; };
		A0C8EA7D21504E600025F31B /* StubMessageSender.swift in Sources */ = {isa = PBXBuildFile; fileRef = A0C8EA7C21504E600025F31B /* StubMessageSender.swift */; };
		A0C8EA7F21505A6C0025F31B /* PushNotificationController.swift in Sources */ = {isa = PBXBuildFile; fileRef = A0C8EA7E21505A6C0025F31B /* PushNotificationController.swift */; };
		A0C8EA8121505A8C0025F31B /* PushNotificationController+StubMessageSending.swift in Sources */ = {isa = PBXBuildFile; fileRef = A0C8EA8021505A8C0025F31B /* PushNotificationController+StubMessageSending.swift */; };
		A0C8EA8321505AC50025F31B /* ChatWebSocketController+StubMessageSending.swift in Sources */ = {isa = PBXBuildFile; fileRef = A0C8EA8221505AC50025F31B /* ChatWebSocketController+StubMessageSending.swift */; };
		A0C8EA8521519BAE0025F31B /* DateParser.swift in Sources */ = {isa = PBXBuildFile; fileRef = A0C8EA8421519BAE0025F31B /* DateParser.swift */; };
		A0C8EA882153EAD10025F31B /* ChatListViewModel.swift in Sources */ = {isa = PBXBuildFile; fileRef = A0C8EA872153EAD10025F31B /* ChatListViewModel.swift */; };
		A0C8EA8A2153EB040025F31B /* ChatListItemViewModel.swift in Sources */ = {isa = PBXBuildFile; fileRef = A0C8EA892153EB040025F31B /* ChatListItemViewModel.swift */; };
		A0C8EA8D2153EBA40025F31B /* ChatViewModel.swift in Sources */ = {isa = PBXBuildFile; fileRef = A0C8EA8C2153EBA40025F31B /* ChatViewModel.swift */; };
		A0C8EA8F2153EBD60025F31B /* MessageViewModel.swift in Sources */ = {isa = PBXBuildFile; fileRef = A0C8EA8E2153EBD60025F31B /* MessageViewModel.swift */; };
		A0C8EA922153ED410025F31B /* ChatViewModelBuilder.swift in Sources */ = {isa = PBXBuildFile; fileRef = A0C8EA912153ED410025F31B /* ChatViewModelBuilder.swift */; };
		A0C8EA942153ED640025F31B /* MessageViewModelBuilder.swift in Sources */ = {isa = PBXBuildFile; fileRef = A0C8EA932153ED640025F31B /* MessageViewModelBuilder.swift */; };
		A0C8EA972153F08F0025F31B /* ChatEvent.swift in Sources */ = {isa = PBXBuildFile; fileRef = A0C8EA962153F08F0025F31B /* ChatEvent.swift */; };
		A0C8EA992153F0D90025F31B /* ChatEventRouter.swift in Sources */ = {isa = PBXBuildFile; fileRef = A0C8EA982153F0D90025F31B /* ChatEventRouter.swift */; };
		A0C8EA9B215403A30025F31B /* ChatEventHandler.swift in Sources */ = {isa = PBXBuildFile; fileRef = A0C8EA9A215403A30025F31B /* ChatEventHandler.swift */; };
		A0C8EA9D215418FD0025F31B /* ChatEndpoint.swift in Sources */ = {isa = PBXBuildFile; fileRef = A0C8EA9C215418FD0025F31B /* ChatEndpoint.swift */; };
		A0DB1DE9214767D800808129 /* AppDelegate.swift in Sources */ = {isa = PBXBuildFile; fileRef = A0DB1DE8214767D800808129 /* AppDelegate.swift */; };
		A0DB1DEB214767D800808129 /* ChatsViewController.swift in Sources */ = {isa = PBXBuildFile; fileRef = A0DB1DEA214767D800808129 /* ChatsViewController.swift */; };
		A0DB1DEE214767D800808129 /* Main.storyboard in Resources */ = {isa = PBXBuildFile; fileRef = A0DB1DEC214767D800808129 /* Main.storyboard */; };
		A0DB1DF0214767D900808129 /* Assets.xcassets in Resources */ = {isa = PBXBuildFile; fileRef = A0DB1DEF214767D900808129 /* Assets.xcassets */; };
		A0DB1DF3214767D900808129 /* LaunchScreen.storyboard in Resources */ = {isa = PBXBuildFile; fileRef = A0DB1DF1214767D900808129 /* LaunchScreen.storyboard */; };
		A0DB1DFB2147680200808129 /* ChatViewController.swift in Sources */ = {isa = PBXBuildFile; fileRef = A0DB1DFA2147680200808129 /* ChatViewController.swift */; };
		DFED8CEA0A53225B1BAA99AE /* Pods_MVVMChat.framework in Frameworks */ = {isa = PBXBuildFile; fileRef = BD69282E25E3ABEAD6D2045E /* Pods_MVVMChat.framework */; };
/* End PBXBuildFile section */

/* Begin PBXFileReference section */
		A0328B05215516D2001B8B6E /* UIButton+BlockAction.swift */ = {isa = PBXFileReference; fileEncoding = 4; lastKnownFileType = sourcecode.swift; path = "UIButton+BlockAction.swift"; sourceTree = "<group>"; };
		A0328B07215516EE001B8B6E /* UITextField+BlockAction.swift */ = {isa = PBXFileReference; lastKnownFileType = sourcecode.swift; path = "UITextField+BlockAction.swift"; sourceTree = "<group>"; };
		A0328B0A21551869001B8B6E /* CreateChatViewModel.swift */ = {isa = PBXFileReference; lastKnownFileType = sourcecode.swift; path = CreateChatViewModel.swift; sourceTree = "<group>"; };
		A0328B0C215518EA001B8B6E /* CreateChatViewModelBuilder.swift */ = {isa = PBXFileReference; lastKnownFileType = sourcecode.swift; path = CreateChatViewModelBuilder.swift; sourceTree = "<group>"; };
		A0328B1521557C13001B8B6E /* UITableViewCell+BlockAction.swift */ = {isa = PBXFileReference; lastKnownFileType = sourcecode.swift; path = "UITableViewCell+BlockAction.swift"; sourceTree = "<group>"; };
		A06C14F8214A0B0C00833E90 /* BaseNavigationViewController.swift */ = {isa = PBXFileReference; lastKnownFileType = sourcecode.swift; path = BaseNavigationViewController.swift; sourceTree = "<group>"; };
		A06C14FD214A0FB900833E90 /* ChatsView.swift */ = {isa = PBXFileReference; lastKnownFileType = sourcecode.swift; path = ChatsView.swift; sourceTree = "<group>"; };
		A06C1502214A148100833E90 /* Chat.swift */ = {isa = PBXFileReference; lastKnownFileType = sourcecode.swift; path = Chat.swift; sourceTree = "<group>"; };
		A06C1505214A152900833E90 /* BodyParameterConvertible.swift */ = {isa = PBXFileReference; fileEncoding = 4; lastKnownFileType = sourcecode.swift; path = BodyParameterConvertible.swift; sourceTree = "<group>"; };
		A06C1506214A152900833E90 /* ParameterMapper.swift */ = {isa = PBXFileReference; fileEncoding = 4; lastKnownFileType = sourcecode.swift; path = ParameterMapper.swift; sourceTree = "<group>"; };
		A06C1507214A152900833E90 /* RequestHandler.swift */ = {isa = PBXFileReference; fileEncoding = 4; lastKnownFileType = sourcecode.swift; path = RequestHandler.swift; sourceTree = "<group>"; };
		A06C1508214A152900833E90 /* Request.swift */ = {isa = PBXFileReference; fileEncoding = 4; lastKnownFileType = sourcecode.swift; path = Request.swift; sourceTree = "<group>"; };
		A06C150D214A190600833E90 /* ChatTableViewCell.swift */ = {isa = PBXFileReference; lastKnownFileType = sourcecode.swift; path = ChatTableViewCell.swift; sourceTree = "<group>"; };
		A0A4AC912177AEBD002B0AE4 /* MessageEvent.swift */ = {isa = PBXFileReference; lastKnownFileType = sourcecode.swift; path = MessageEvent.swift; sourceTree = "<group>"; };
		A0A4AC952177AF1B002B0AE4 /* MessageEventRouter.swift */ = {isa = PBXFileReference; lastKnownFileType = sourcecode.swift; path = MessageEventRouter.swift; sourceTree = "<group>"; };
		A0A4AC972177AF67002B0AE4 /* MessageEventHandler.swift */ = {isa = PBXFileReference; lastKnownFileType = sourcecode.swift; path = MessageEventHandler.swift; sourceTree = "<group>"; };
		A0A4AC992179060B002B0AE4 /* ChatListItemViewModelBuilder.swift */ = {isa = PBXFileReference; lastKnownFileType = sourcecode.swift; path = ChatListItemViewModelBuilder.swift; sourceTree = "<group>"; };
		A0ADF284215442AD00D31AFC /* ChatListViewModelBuilder.swift */ = {isa = PBXFileReference; lastKnownFileType = sourcecode.swift; path = ChatListViewModelBuilder.swift; sourceTree = "<group>"; };
		A0ADF28621544EFC00D31AFC /* UIBarButton+BlockAction.swift */ = {isa = PBXFileReference; lastKnownFileType = sourcecode.swift; path = "UIBarButton+BlockAction.swift"; sourceTree = "<group>"; };
		A0C8EA58214BF32D0025F31B /* CreateChatViewController.swift */ = {isa = PBXFileReference; lastKnownFileType = sourcecode.swift; path = CreateChatViewController.swift; sourceTree = "<group>"; };
		A0C8EA5C214BF3800025F31B /* CreateChatView.swift */ = {isa = PBXFileReference; lastKnownFileType = sourcecode.swift; path = CreateChatView.swift; sourceTree = "<group>"; };
		A0C8EA5E214C64830025F31B /* BaseAccessoryView.swift */ = {isa = PBXFileReference; lastKnownFileType = sourcecode.swift; path = BaseAccessoryView.swift; sourceTree = "<group>"; };
		A0C8EA61214D612E0025F31B /* ChatView.swift */ = {isa = PBXFileReference; lastKnownFileType = sourcecode.swift; path = ChatView.swift; sourceTree = "<group>"; };
		A0C8EA63214D7FF60025F31B /* ActionButton.swift */ = {isa = PBXFileReference; lastKnownFileType = sourcecode.swift; path = ActionButton.swift; sourceTree = "<group>"; };
		A0C8EA65214D80AC0025F31B /* MessageTableViewCell.swift */ = {isa = PBXFileReference; lastKnownFileType = sourcecode.swift; path = MessageTableViewCell.swift; sourceTree = "<group>"; };
		A0C8EA67214D812A0025F31B /* Message.swift */ = {isa = PBXFileReference; lastKnownFileType = sourcecode.swift; path = Message.swift; sourceTree = "<group>"; };
		A0C8EA69214D91F30025F31B /* MessageBubble.swift */ = {isa = PBXFileReference; lastKnownFileType = sourcecode.swift; path = MessageBubble.swift; sourceTree = "<group>"; };
		A0C8EA6B214E974E0025F31B /* DateRenderer.swift */ = {isa = PBXFileReference; lastKnownFileType = sourcecode.swift; path = DateRenderer.swift; sourceTree = "<group>"; };
		A0C8EA6F214F43F50025F31B /* TableViewDataDifferentiator.swift */ = {isa = PBXFileReference; lastKnownFileType = sourcecode.swift; path = TableViewDataDifferentiator.swift; sourceTree = "<group>"; };
		A0C8EA73215038080025F31B /* ChatModelController.swift */ = {isa = PBXFileReference; fileEncoding = 4; lastKnownFileType = sourcecode.swift; path = ChatModelController.swift; sourceTree = "<group>"; };
		A0C8EA752150392F0025F31B /* ChatWebSocketController.swift */ = {isa = PBXFileReference; lastKnownFileType = sourcecode.swift; path = ChatWebSocketController.swift; sourceTree = "<group>"; };
		A0C8EA7821503D900025F31B /* ConversationSimulator.swift */ = {isa = PBXFileReference; lastKnownFileType = sourcecode.swift; path = ConversationSimulator.swift; sourceTree = "<group>"; };
		A0C8EA7A21503E2D0025F31B /* SimulatedConversation.swift */ = {isa = PBXFileReference; lastKnownFileType = sourcecode.swift; path = SimulatedConversation.swift; sourceTree = "<group>"; };
		A0C8EA7C21504E600025F31B /* StubMessageSender.swift */ = {isa = PBXFileReference; lastKnownFileType = sourcecode.swift; path = StubMessageSender.swift; sourceTree = "<group>"; };
		A0C8EA7E21505A6C0025F31B /* PushNotificationController.swift */ = {isa = PBXFileReference; lastKnownFileType = sourcecode.swift; path = PushNotificationController.swift; sourceTree = "<group>"; };
		A0C8EA8021505A8C0025F31B /* PushNotificationController+StubMessageSending.swift */ = {isa = PBXFileReference; lastKnownFileType = sourcecode.swift; path = "PushNotificationController+StubMessageSending.swift"; sourceTree = "<group>"; };
		A0C8EA8221505AC50025F31B /* ChatWebSocketController+StubMessageSending.swift */ = {isa = PBXFileReference; lastKnownFileType = sourcecode.swift; path = "ChatWebSocketController+StubMessageSending.swift"; sourceTree = "<group>"; };
		A0C8EA8421519BAE0025F31B /* DateParser.swift */ = {isa = PBXFileReference; lastKnownFileType = sourcecode.swift; path = DateParser.swift; sourceTree = "<group>"; };
		A0C8EA872153EAD10025F31B /* ChatListViewModel.swift */ = {isa = PBXFileReference; lastKnownFileType = sourcecode.swift; path = ChatListViewModel.swift; sourceTree = "<group>"; };
		A0C8EA892153EB040025F31B /* ChatListItemViewModel.swift */ = {isa = PBXFileReference; lastKnownFileType = sourcecode.swift; path = ChatListItemViewModel.swift; sourceTree = "<group>"; };
		A0C8EA8C2153EBA40025F31B /* ChatViewModel.swift */ = {isa = PBXFileReference; lastKnownFileType = sourcecode.swift; path = ChatViewModel.swift; sourceTree = "<group>"; };
		A0C8EA8E2153EBD60025F31B /* MessageViewModel.swift */ = {isa = PBXFileReference; lastKnownFileType = sourcecode.swift; path = MessageViewModel.swift; sourceTree = "<group>"; };
		A0C8EA912153ED410025F31B /* ChatViewModelBuilder.swift */ = {isa = PBXFileReference; lastKnownFileType = sourcecode.swift; path = ChatViewModelBuilder.swift; sourceTree = "<group>"; };
		A0C8EA932153ED640025F31B /* MessageViewModelBuilder.swift */ = {isa = PBXFileReference; lastKnownFileType = sourcecode.swift; path = MessageViewModelBuilder.swift; sourceTree = "<group>"; };
		A0C8EA962153F08F0025F31B /* ChatEvent.swift */ = {isa = PBXFileReference; lastKnownFileType = sourcecode.swift; path = ChatEvent.swift; sourceTree = "<group>"; };
		A0C8EA982153F0D90025F31B /* ChatEventRouter.swift */ = {isa = PBXFileReference; lastKnownFileType = sourcecode.swift; path = ChatEventRouter.swift; sourceTree = "<group>"; };
		A0C8EA9A215403A30025F31B /* ChatEventHandler.swift */ = {isa = PBXFileReference; lastKnownFileType = sourcecode.swift; path = ChatEventHandler.swift; sourceTree = "<group>"; };
		A0C8EA9C215418FD0025F31B /* ChatEndpoint.swift */ = {isa = PBXFileReference; lastKnownFileType = sourcecode.swift; path = ChatEndpoint.swift; sourceTree = "<group>"; };
		A0DB1DE5214767D800808129 /* MVVMChat.app */ = {isa = PBXFileReference; explicitFileType = wrapper.application; includeInIndex = 0; path = MVVMChat.app; sourceTree = BUILT_PRODUCTS_DIR; };
		A0DB1DE8214767D800808129 /* AppDelegate.swift */ = {isa = PBXFileReference; lastKnownFileType = sourcecode.swift; path = AppDelegate.swift; sourceTree = "<group>"; };
		A0DB1DEA214767D800808129 /* ChatsViewController.swift */ = {isa = PBXFileReference; lastKnownFileType = sourcecode.swift; path = ChatsViewController.swift; sourceTree = "<group>"; };
		A0DB1DED214767D800808129 /* Base */ = {isa = PBXFileReference; lastKnownFileType = file.storyboard; name = Base; path = Base.lproj/Main.storyboard; sourceTree = "<group>"; };
		A0DB1DEF214767D900808129 /* Assets.xcassets */ = {isa = PBXFileReference; lastKnownFileType = folder.assetcatalog; path = Assets.xcassets; sourceTree = "<group>"; };
		A0DB1DF2214767D900808129 /* Base */ = {isa = PBXFileReference; lastKnownFileType = file.storyboard; name = Base; path = Base.lproj/LaunchScreen.storyboard; sourceTree = "<group>"; };
		A0DB1DF4214767D900808129 /* Info.plist */ = {isa = PBXFileReference; lastKnownFileType = text.plist.xml; path = Info.plist; sourceTree = "<group>"; };
		A0DB1DFA2147680200808129 /* ChatViewController.swift */ = {isa = PBXFileReference; lastKnownFileType = sourcecode.swift; path = ChatViewController.swift; sourceTree = "<group>"; };
		BD69282E25E3ABEAD6D2045E /* Pods_MVVMChat.framework */ = {isa = PBXFileReference; explicitFileType = wrapper.framework; includeInIndex = 0; path = Pods_MVVMChat.framework; sourceTree = BUILT_PRODUCTS_DIR; };
		D098DD343EBDBD2E315B4453 /* Pods-MVVMChat.release.xcconfig */ = {isa = PBXFileReference; includeInIndex = 1; lastKnownFileType = text.xcconfig; name = "Pods-MVVMChat.release.xcconfig"; path = "Pods/Target Support Files/Pods-MVVMChat/Pods-MVVMChat.release.xcconfig"; sourceTree = "<group>"; };
		EDEFC09B9497D8F076C907DE /* Pods-MVVMChat.debug.xcconfig */ = {isa = PBXFileReference; includeInIndex = 1; lastKnownFileType = text.xcconfig; name = "Pods-MVVMChat.debug.xcconfig"; path = "Pods/Target Support Files/Pods-MVVMChat/Pods-MVVMChat.debug.xcconfig"; sourceTree = "<group>"; };
/* End PBXFileReference section */

/* Begin PBXFrameworksBuildPhase section */
		A0DB1DE2214767D800808129 /* Frameworks */ = {
			isa = PBXFrameworksBuildPhase;
			buildActionMask = 2147483647;
			files = (
				DFED8CEA0A53225B1BAA99AE /* Pods_MVVMChat.framework in Frameworks */,
			);
			runOnlyForDeploymentPostprocessing = 0;
		};
/* End PBXFrameworksBuildPhase section */

/* Begin PBXGroup section */
		4F8D2840E2B2EC371496D830 /* Frameworks */ = {
			isa = PBXGroup;
			children = (
				BD69282E25E3ABEAD6D2045E /* Pods_MVVMChat.framework */,
			);
			name = Frameworks;
			sourceTree = "<group>";
		};
		A0328B0921551857001B8B6E /* CreateChat */ = {
			isa = PBXGroup;
			children = (
				A0328B0A21551869001B8B6E /* CreateChatViewModel.swift */,
				A0328B0C215518EA001B8B6E /* CreateChatViewModelBuilder.swift */,
			);
			path = CreateChat;
			sourceTree = "<group>";
		};
		A06C14F7214A0AE600833E90 /* Controllers */ = {
			isa = PBXGroup;
			children = (
				A06C14F8214A0B0C00833E90 /* BaseNavigationViewController.swift */,
				A0DB1DEA214767D800808129 /* ChatsViewController.swift */,
				A0C8EA58214BF32D0025F31B /* CreateChatViewController.swift */,
				A0DB1DFA2147680200808129 /* ChatViewController.swift */,
			);
			path = Controllers;
			sourceTree = "<group>";
		};
		A06C14FA214A0F8700833E90 /* Views */ = {
			isa = PBXGroup;
			children = (
				A0C8EA5E214C64830025F31B /* BaseAccessoryView.swift */,
				A0C8EA63214D7FF60025F31B /* ActionButton.swift */,
				A0C8EA5A214BF3510025F31B /* Chats */,
				A0C8EA5B214BF3580025F31B /* CreateChat */,
				A0C8EA60214D61210025F31B /* Chat */,
				A0C8EA6B214E974E0025F31B /* DateRenderer.swift */,
				A0C8EA6F214F43F50025F31B /* TableViewDataDifferentiator.swift */,
				A0328B05215516D2001B8B6E /* UIButton+BlockAction.swift */,
				A0ADF28621544EFC00D31AFC /* UIBarButton+BlockAction.swift */,
				A0328B07215516EE001B8B6E /* UITextField+BlockAction.swift */,
				A0328B1521557C13001B8B6E /* UITableViewCell+BlockAction.swift */,
			);
			path = Views;
			sourceTree = "<group>";
		};
		A06C14FF214A145000833E90 /* Models */ = {
			isa = PBXGroup;
			children = (
				A0C8EA73215038080025F31B /* ChatModelController.swift */,
				A0C8EA9C215418FD0025F31B /* ChatEndpoint.swift */,
				A0C8EA752150392F0025F31B /* ChatWebSocketController.swift */,
				A06C1504214A152900833E90 /* Request */,
				A06C1502214A148100833E90 /* Chat.swift */,
				A0C8EA67214D812A0025F31B /* Message.swift */,
				A0C8EA7E21505A6C0025F31B /* PushNotificationController.swift */,
				A0C8EA8421519BAE0025F31B /* DateParser.swift */,
			);
			path = Models;
			sourceTree = "<group>";
		};
		A06C1504214A152900833E90 /* Request */ = {
			isa = PBXGroup;
			children = (
				A06C1505214A152900833E90 /* BodyParameterConvertible.swift */,
				A06C1506214A152900833E90 /* ParameterMapper.swift */,
				A06C1507214A152900833E90 /* RequestHandler.swift */,
				A06C1508214A152900833E90 /* Request.swift */,
			);
			path = Request;
			sourceTree = "<group>";
		};
		A0A4AC932177AED8002B0AE4 /* Chat */ = {
			isa = PBXGroup;
			children = (
				A0C8EA962153F08F0025F31B /* ChatEvent.swift */,
				A0C8EA982153F0D90025F31B /* ChatEventRouter.swift */,
				A0C8EA9A215403A30025F31B /* ChatEventHandler.swift */,
			);
			path = Chat;
			sourceTree = "<group>";
		};
		A0A4AC942177AF07002B0AE4 /* Message */ = {
			isa = PBXGroup;
			children = (
				A0A4AC912177AEBD002B0AE4 /* MessageEvent.swift */,
				A0A4AC952177AF1B002B0AE4 /* MessageEventRouter.swift */,
				A0A4AC972177AF67002B0AE4 /* MessageEventHandler.swift */,
			);
			path = Message;
			sourceTree = "<group>";
		};
		A0C8EA5A214BF3510025F31B /* Chats */ = {
			isa = PBXGroup;
			children = (
				A06C14FD214A0FB900833E90 /* ChatsView.swift */,
				A06C150D214A190600833E90 /* ChatTableViewCell.swift */,
			);
			path = Chats;
			sourceTree = "<group>";
		};
		A0C8EA5B214BF3580025F31B /* CreateChat */ = {
			isa = PBXGroup;
			children = (
				A0C8EA5C214BF3800025F31B /* CreateChatView.swift */,
			);
			path = CreateChat;
			sourceTree = "<group>";
		};
		A0C8EA60214D61210025F31B /* Chat */ = {
			isa = PBXGroup;
			children = (
				A0C8EA61214D612E0025F31B /* ChatView.swift */,
				A0C8EA65214D80AC0025F31B /* MessageTableViewCell.swift */,
				A0C8EA69214D91F30025F31B /* MessageBubble.swift */,
			);
			path = Chat;
			sourceTree = "<group>";
		};
		A0C8EA7721503D650025F31B /* Stubs */ = {
			isa = PBXGroup;
			children = (
				A0C8EA7821503D900025F31B /* ConversationSimulator.swift */,
				A0C8EA7A21503E2D0025F31B /* SimulatedConversation.swift */,
				A0C8EA7C21504E600025F31B /* StubMessageSender.swift */,
				A0C8EA8021505A8C0025F31B /* PushNotificationController+StubMessageSending.swift */,
				A0C8EA8221505AC50025F31B /* ChatWebSocketController+StubMessageSending.swift */,
			);
			path = Stubs;
			sourceTree = "<group>";
		};
		A0C8EA862153EAB00025F31B /* ViewModels */ = {
			isa = PBXGroup;
			children = (
				A0C8EA8B2153EB930025F31B /* ChatList */,
				A0328B0921551857001B8B6E /* CreateChat */,
				A0C8EA902153ED350025F31B /* Chat */,
			);
			path = ViewModels;
			sourceTree = "<group>";
		};
		A0C8EA8B2153EB930025F31B /* ChatList */ = {
			isa = PBXGroup;
			children = (
				A0C8EA872153EAD10025F31B /* ChatListViewModel.swift */,
				A0C8EA892153EB040025F31B /* ChatListItemViewModel.swift */,
				A0ADF284215442AD00D31AFC /* ChatListViewModelBuilder.swift */,
				A0A4AC992179060B002B0AE4 /* ChatListItemViewModelBuilder.swift */,
			);
			path = ChatList;
			sourceTree = "<group>";
		};
		A0C8EA902153ED350025F31B /* Chat */ = {
			isa = PBXGroup;
			children = (
				A0C8EA8C2153EBA40025F31B /* ChatViewModel.swift */,
				A0C8EA912153ED410025F31B /* ChatViewModelBuilder.swift */,
				A0C8EA8E2153EBD60025F31B /* MessageViewModel.swift */,
				A0C8EA932153ED640025F31B /* MessageViewModelBuilder.swift */,
			);
			path = Chat;
			sourceTree = "<group>";
		};
		A0C8EA952153F0830025F31B /* Events */ = {
			isa = PBXGroup;
			children = (
				A0A4AC932177AED8002B0AE4 /* Chat */,
				A0A4AC942177AF07002B0AE4 /* Message */,
			);
			path = Events;
			sourceTree = "<group>";
		};
		A0DB1DDC214767D700808129 = {
			isa = PBXGroup;
			children = (
				A0DB1DE7214767D800808129 /* MVVMChat */,
				A0DB1DE6214767D800808129 /* Products */,
				BE8401CBCEA4D24058B2FBE1 /* Pods */,
				4F8D2840E2B2EC371496D830 /* Frameworks */,
			);
			sourceTree = "<group>";
		};
		A0DB1DE6214767D800808129 /* Products */ = {
			isa = PBXGroup;
			children = (
				A0DB1DE5214767D800808129 /* MVVMChat.app */,
			);
			name = Products;
			sourceTree = "<group>";
		};
		A0DB1DE7214767D800808129 /* MVVMChat */ = {
			isa = PBXGroup;
			children = (
				A0C8EA952153F0830025F31B /* Events */,
				A06C14FF214A145000833E90 /* Models */,
				A06C14FA214A0F8700833E90 /* Views */,
				A0C8EA862153EAB00025F31B /* ViewModels */,
				A06C14F7214A0AE600833E90 /* Controllers */,
				A0C8EA7721503D650025F31B /* Stubs */,
				A0DB1DE8214767D800808129 /* AppDelegate.swift */,
				A0DB1DEC214767D800808129 /* Main.storyboard */,
				A0DB1DEF214767D900808129 /* Assets.xcassets */,
				A0DB1DF1214767D900808129 /* LaunchScreen.storyboard */,
				A0DB1DF4214767D900808129 /* Info.plist */,
			);
			path = MVVMChat;
			sourceTree = "<group>";
		};
		BE8401CBCEA4D24058B2FBE1 /* Pods */ = {
			isa = PBXGroup;
			children = (
				EDEFC09B9497D8F076C907DE /* Pods-MVVMChat.debug.xcconfig */,
				D098DD343EBDBD2E315B4453 /* Pods-MVVMChat.release.xcconfig */,
			);
			name = Pods;
			sourceTree = "<group>";
		};
/* End PBXGroup section */

/* Begin PBXNativeTarget section */
		A0DB1DE4214767D800808129 /* MVVMChat */ = {
			isa = PBXNativeTarget;
			buildConfigurationList = A0DB1DF7214767D900808129 /* Build configuration list for PBXNativeTarget "MVVMChat" */;
			buildPhases = (
				560A6124BE179CBFCDC1ECD2 /* [CP] Check Pods Manifest.lock */,
				A06C14F5214A07C600833E90 /* Swiftlint */,
				A06C14F6214A082200833E90 /* R.Swift */,
				A0DB1DE1214767D800808129 /* Sources */,
				A0DB1DE2214767D800808129 /* Frameworks */,
				A0DB1DE3214767D800808129 /* Resources */,
				5312009B37CBC8F9284D3C63 /* [CP] Embed Pods Frameworks */,
			);
			buildRules = (
			);
			dependencies = (
			);
			name = MVVMChat;
			productName = MVCChat;
			productReference = A0DB1DE5214767D800808129 /* MVVMChat.app */;
			productType = "com.apple.product-type.application";
		};
/* End PBXNativeTarget section */

/* Begin PBXProject section */
		A0DB1DDD214767D800808129 /* Project object */ = {
			isa = PBXProject;
			attributes = {
				LastSwiftUpdateCheck = 0940;
				LastUpgradeCheck = 0940;
				ORGANIZATIONNAME = "Departamento B";
				TargetAttributes = {
					A0DB1DE4214767D800808129 = {
						CreatedOnToolsVersion = 9.4.1;
						LastSwiftMigration = 1000;
					};
				};
			};
			buildConfigurationList = A0DB1DE0214767D800808129 /* Build configuration list for PBXProject "MVVMChat" */;
			compatibilityVersion = "Xcode 9.3";
			developmentRegion = en;
			hasScannedForEncodings = 0;
			knownRegions = (
				en,
				Base,
			);
			mainGroup = A0DB1DDC214767D700808129;
			productRefGroup = A0DB1DE6214767D800808129 /* Products */;
			projectDirPath = "";
			projectRoot = "";
			targets = (
				A0DB1DE4214767D800808129 /* MVVMChat */,
			);
		};
/* End PBXProject section */

/* Begin PBXResourcesBuildPhase section */
		A0DB1DE3214767D800808129 /* Resources */ = {
			isa = PBXResourcesBuildPhase;
			buildActionMask = 2147483647;
			files = (
				A0DB1DF3214767D900808129 /* LaunchScreen.storyboard in Resources */,
				A0DB1DF0214767D900808129 /* Assets.xcassets in Resources */,
				A0DB1DEE214767D800808129 /* Main.storyboard in Resources */,
			);
			runOnlyForDeploymentPostprocessing = 0;
		};
/* End PBXResourcesBuildPhase section */

/* Begin PBXShellScriptBuildPhase section */
		5312009B37CBC8F9284D3C63 /* [CP] Embed Pods Frameworks */ = {
			isa = PBXShellScriptBuildPhase;
			buildActionMask = 2147483647;
			files = (
			);
			inputPaths = (
				"${SRCROOT}/Pods/Target Support Files/Pods-MVVMChat/Pods-MVVMChat-frameworks.sh",
				"${BUILT_PRODUCTS_DIR}/Constraint/Constraint.framework",
				"${BUILT_PRODUCTS_DIR}/R.swift.Library/Rswift.framework",
			);
			name = "[CP] Embed Pods Frameworks";
			outputPaths = (
				"${TARGET_BUILD_DIR}/${FRAMEWORKS_FOLDER_PATH}/Constraint.framework",
				"${TARGET_BUILD_DIR}/${FRAMEWORKS_FOLDER_PATH}/Rswift.framework",
			);
			runOnlyForDeploymentPostprocessing = 0;
			shellPath = /bin/sh;
			shellScript = "\"${SRCROOT}/Pods/Target Support Files/Pods-MVVMChat/Pods-MVVMChat-frameworks.sh\"\n";
			showEnvVarsInLog = 0;
		};
		560A6124BE179CBFCDC1ECD2 /* [CP] Check Pods Manifest.lock */ = {
			isa = PBXShellScriptBuildPhase;
			buildActionMask = 2147483647;
			files = (
			);
			inputPaths = (
				"${PODS_PODFILE_DIR_PATH}/Podfile.lock",
				"${PODS_ROOT}/Manifest.lock",
			);
			name = "[CP] Check Pods Manifest.lock";
			outputPaths = (
				"$(DERIVED_FILE_DIR)/Pods-MVVMChat-checkManifestLockResult.txt",
			);
			runOnlyForDeploymentPostprocessing = 0;
			shellPath = /bin/sh;
			shellScript = "diff \"${PODS_PODFILE_DIR_PATH}/Podfile.lock\" \"${PODS_ROOT}/Manifest.lock\" > /dev/null\nif [ $? != 0 ] ; then\n    # print error to STDERR\n    echo \"error: The sandbox is not in sync with the Podfile.lock. Run 'pod install' or update your CocoaPods installation.\" >&2\n    exit 1\nfi\n# This output is used by Xcode 'outputs' to avoid re-running this script phase.\necho \"SUCCESS\" > \"${SCRIPT_OUTPUT_FILE_0}\"\n";
			showEnvVarsInLog = 0;
		};
		A06C14F5214A07C600833E90 /* Swiftlint */ = {
			isa = PBXShellScriptBuildPhase;
			buildActionMask = 2147483647;
			files = (
			);
			inputPaths = (
			);
			name = Swiftlint;
			outputPaths = (
			);
			runOnlyForDeploymentPostprocessing = 0;
			shellPath = /bin/sh;
			shellScript = "\"${PODS_ROOT}/SwiftLint/swiftlint\"";
		};
		A06C14F6214A082200833E90 /* R.Swift */ = {
			isa = PBXShellScriptBuildPhase;
			buildActionMask = 2147483647;
			files = (
			);
			inputPaths = (
			);
			name = R.Swift;
			outputPaths = (
			);
			runOnlyForDeploymentPostprocessing = 0;
			shellPath = /bin/sh;
			shellScript = "\"$PODS_ROOT/R.swift/rswift\" generate \"$SRCROOT\"";
		};
/* End PBXShellScriptBuildPhase section */

/* Begin PBXSourcesBuildPhase section */
		A0DB1DE1214767D800808129 /* Sources */ = {
			isa = PBXSourcesBuildPhase;
			buildActionMask = 2147483647;
			files = (
				A0DB1DEB214767D800808129 /* ChatsViewController.swift in Sources */,
				A0C8EA8A2153EB040025F31B /* ChatListItemViewModel.swift in Sources */,
				A0328B0B21551869001B8B6E /* CreateChatViewModel.swift in Sources */,
				A0C8EA59214BF32D0025F31B /* CreateChatViewController.swift in Sources */,
				A0A4AC922177AEBD002B0AE4 /* MessageEvent.swift in Sources */,
				A0C8EA5D214BF3800025F31B /* CreateChatView.swift in Sources */,
				A0C8EA942153ED640025F31B /* MessageViewModelBuilder.swift in Sources */,
				A0DB1DFB2147680200808129 /* ChatViewController.swift in Sources */,
				A0328B0D215518EA001B8B6E /* CreateChatViewModelBuilder.swift in Sources */,
				A0A4AC9A2179060B002B0AE4 /* ChatListItemViewModelBuilder.swift in Sources */,
				A0C8EA62214D612E0025F31B /* ChatView.swift in Sources */,
				A0C8EA7B21503E2D0025F31B /* SimulatedConversation.swift in Sources */,
				A0C8EA762150392F0025F31B /* ChatWebSocketController.swift in Sources */,
				A06C1503214A148100833E90 /* Chat.swift in Sources */,
				A0C8EA9B215403A30025F31B /* ChatEventHandler.swift in Sources */,
				A0328B06215516D3001B8B6E /* UIButton+BlockAction.swift in Sources */,
				A06C14FE214A0FB900833E90 /* ChatsView.swift in Sources */,
				A0328B08215516EE001B8B6E /* UITextField+BlockAction.swift in Sources */,
				A0C8EA6A214D91F30025F31B /* MessageBubble.swift in Sources */,
				A0C8EA7F21505A6C0025F31B /* PushNotificationController.swift in Sources */,
				A0C8EA7D21504E600025F31B /* StubMessageSender.swift in Sources */,
				A0C8EA922153ED410025F31B /* ChatViewModelBuilder.swift in Sources */,
				A0C8EA7921503D900025F31B /* ConversationSimulator.swift in Sources */,
				A0A4AC962177AF1B002B0AE4 /* MessageEventRouter.swift in Sources */,
				A0C8EA68214D812A0025F31B /* Message.swift in Sources */,
				A0C8EA70214F43F50025F31B /* TableViewDataDifferentiator.swift in Sources */,
				A0C8EA64214D7FF60025F31B /* ActionButton.swift in Sources */,
				A0C8EA8121505A8C0025F31B /* PushNotificationController+StubMessageSending.swift in Sources */,
				A0ADF28721544EFC00D31AFC /* UIBarButton+BlockAction.swift in Sources */,
				A06C150C214A152900833E90 /* Request.swift in Sources */,
				A0C8EA992153F0D90025F31B /* ChatEventRouter.swift in Sources */,
				A0C8EA8521519BAE0025F31B /* DateParser.swift in Sources */,
				A0ADF285215442AD00D31AFC /* ChatListViewModelBuilder.swift in Sources */,
				A06C14F9214A0B0C00833E90 /* BaseNavigationViewController.swift in Sources */,
				A06C1509214A152900833E90 /* BodyParameterConvertible.swift in Sources */,
				A0C8EA8321505AC50025F31B /* ChatWebSocketController+StubMessageSending.swift in Sources */,
				A0328B1621557C13001B8B6E /* UITableViewCell+BlockAction.swift in Sources */,
				A0C8EA882153EAD10025F31B /* ChatListViewModel.swift in Sources */,
				A0A4AC982177AF67002B0AE4 /* MessageEventHandler.swift in Sources */,
				A0C8EA6C214E974E0025F31B /* DateRenderer.swift in Sources */,
				A0C8EA66214D80AC0025F31B /* MessageTableViewCell.swift in Sources */,
				A0C8EA9D215418FD0025F31B /* ChatEndpoint.swift in Sources */,
				A0C8EA8F2153EBD60025F31B /* MessageViewModel.swift in Sources */,
				A06C150B214A152900833E90 /* RequestHandler.swift in Sources */,
				A0C8EA5F214C64830025F31B /* BaseAccessoryView.swift in Sources */,
				A0DB1DE9214767D800808129 /* AppDelegate.swift in Sources */,
				A06C150E214A190600833E90 /* ChatTableViewCell.swift in Sources */,
				A0C8EA74215038080025F31B /* ChatModelController.swift in Sources */,
				A0C8EA8D2153EBA40025F31B /* ChatViewModel.swift in Sources */,
				A0C8EA972153F08F0025F31B /* ChatEvent.swift in Sources */,
				A06C150A214A152900833E90 /* ParameterMapper.swift in Sources */,
			);
			runOnlyForDeploymentPostprocessing = 0;
		};
/* End PBXSourcesBuildPhase section */

/* Begin PBXVariantGroup section */
		A0DB1DEC214767D800808129 /* Main.storyboard */ = {
			isa = PBXVariantGroup;
			children = (
				A0DB1DED214767D800808129 /* Base */,
			);
			name = Main.storyboard;
			sourceTree = "<group>";
		};
		A0DB1DF1214767D900808129 /* LaunchScreen.storyboard */ = {
			isa = PBXVariantGroup;
			children = (
				A0DB1DF2214767D900808129 /* Base */,
			);
			name = LaunchScreen.storyboard;
			sourceTree = "<group>";
		};
/* End PBXVariantGroup section */

/* Begin XCBuildConfiguration section */
		A0DB1DF5214767D900808129 /* Debug */ = {
			isa = XCBuildConfiguration;
			buildSettings = {
				ALWAYS_SEARCH_USER_PATHS = NO;
				CLANG_ANALYZER_NONNULL = YES;
				CLANG_ANALYZER_NUMBER_OBJECT_CONVERSION = YES_AGGRESSIVE;
				CLANG_CXX_LANGUAGE_STANDARD = "gnu++14";
				CLANG_CXX_LIBRARY = "libc++";
				CLANG_ENABLE_MODULES = YES;
				CLANG_ENABLE_OBJC_ARC = YES;
				CLANG_ENABLE_OBJC_WEAK = YES;
				CLANG_WARN_BLOCK_CAPTURE_AUTORELEASING = YES;
				CLANG_WARN_BOOL_CONVERSION = YES;
				CLANG_WARN_COMMA = YES;
				CLANG_WARN_CONSTANT_CONVERSION = YES;
				CLANG_WARN_DEPRECATED_OBJC_IMPLEMENTATIONS = YES;
				CLANG_WARN_DIRECT_OBJC_ISA_USAGE = YES_ERROR;
				CLANG_WARN_DOCUMENTATION_COMMENTS = YES;
				CLANG_WARN_EMPTY_BODY = YES;
				CLANG_WARN_ENUM_CONVERSION = YES;
				CLANG_WARN_INFINITE_RECURSION = YES;
				CLANG_WARN_INT_CONVERSION = YES;
				CLANG_WARN_NON_LITERAL_NULL_CONVERSION = YES;
				CLANG_WARN_OBJC_IMPLICIT_RETAIN_SELF = YES;
				CLANG_WARN_OBJC_LITERAL_CONVERSION = YES;
				CLANG_WARN_OBJC_ROOT_CLASS = YES_ERROR;
				CLANG_WARN_RANGE_LOOP_ANALYSIS = YES;
				CLANG_WARN_STRICT_PROTOTYPES = YES;
				CLANG_WARN_SUSPICIOUS_MOVE = YES;
				CLANG_WARN_UNGUARDED_AVAILABILITY = YES_AGGRESSIVE;
				CLANG_WARN_UNREACHABLE_CODE = YES;
				CLANG_WARN__DUPLICATE_METHOD_MATCH = YES;
				CODE_SIGN_IDENTITY = "iPhone Developer";
				COPY_PHASE_STRIP = NO;
				DEBUG_INFORMATION_FORMAT = dwarf;
				ENABLE_STRICT_OBJC_MSGSEND = YES;
				ENABLE_TESTABILITY = YES;
				GCC_C_LANGUAGE_STANDARD = gnu11;
				GCC_DYNAMIC_NO_PIC = NO;
				GCC_NO_COMMON_BLOCKS = YES;
				GCC_OPTIMIZATION_LEVEL = 0;
				GCC_PREPROCESSOR_DEFINITIONS = (
					"DEBUG=1",
					"$(inherited)",
				);
				GCC_WARN_64_TO_32_BIT_CONVERSION = YES;
				GCC_WARN_ABOUT_RETURN_TYPE = YES_ERROR;
				GCC_WARN_UNDECLARED_SELECTOR = YES;
				GCC_WARN_UNINITIALIZED_AUTOS = YES_AGGRESSIVE;
				GCC_WARN_UNUSED_FUNCTION = YES;
				GCC_WARN_UNUSED_VARIABLE = YES;
				IPHONEOS_DEPLOYMENT_TARGET = 11.4;
				MTL_ENABLE_DEBUG_INFO = YES;
				ONLY_ACTIVE_ARCH = YES;
				SDKROOT = iphoneos;
				SWIFT_ACTIVE_COMPILATION_CONDITIONS = DEBUG;
				SWIFT_OPTIMIZATION_LEVEL = "-Onone";
			};
			name = Debug;
		};
		A0DB1DF6214767D900808129 /* Release */ = {
			isa = XCBuildConfiguration;
			buildSettings = {
				ALWAYS_SEARCH_USER_PATHS = NO;
				CLANG_ANALYZER_NONNULL = YES;
				CLANG_ANALYZER_NUMBER_OBJECT_CONVERSION = YES_AGGRESSIVE;
				CLANG_CXX_LANGUAGE_STANDARD = "gnu++14";
				CLANG_CXX_LIBRARY = "libc++";
				CLANG_ENABLE_MODULES = YES;
				CLANG_ENABLE_OBJC_ARC = YES;
				CLANG_ENABLE_OBJC_WEAK = YES;
				CLANG_WARN_BLOCK_CAPTURE_AUTORELEASING = YES;
				CLANG_WARN_BOOL_CONVERSION = YES;
				CLANG_WARN_COMMA = YES;
				CLANG_WARN_CONSTANT_CONVERSION = YES;
				CLANG_WARN_DEPRECATED_OBJC_IMPLEMENTATIONS = YES;
				CLANG_WARN_DIRECT_OBJC_ISA_USAGE = YES_ERROR;
				CLANG_WARN_DOCUMENTATION_COMMENTS = YES;
				CLANG_WARN_EMPTY_BODY = YES;
				CLANG_WARN_ENUM_CONVERSION = YES;
				CLANG_WARN_INFINITE_RECURSION = YES;
				CLANG_WARN_INT_CONVERSION = YES;
				CLANG_WARN_NON_LITERAL_NULL_CONVERSION = YES;
				CLANG_WARN_OBJC_IMPLICIT_RETAIN_SELF = YES;
				CLANG_WARN_OBJC_LITERAL_CONVERSION = YES;
				CLANG_WARN_OBJC_ROOT_CLASS = YES_ERROR;
				CLANG_WARN_RANGE_LOOP_ANALYSIS = YES;
				CLANG_WARN_STRICT_PROTOTYPES = YES;
				CLANG_WARN_SUSPICIOUS_MOVE = YES;
				CLANG_WARN_UNGUARDED_AVAILABILITY = YES_AGGRESSIVE;
				CLANG_WARN_UNREACHABLE_CODE = YES;
				CLANG_WARN__DUPLICATE_METHOD_MATCH = YES;
				CODE_SIGN_IDENTITY = "iPhone Developer";
				COPY_PHASE_STRIP = NO;
				DEBUG_INFORMATION_FORMAT = "dwarf-with-dsym";
				ENABLE_NS_ASSERTIONS = NO;
				ENABLE_STRICT_OBJC_MSGSEND = YES;
				GCC_C_LANGUAGE_STANDARD = gnu11;
				GCC_NO_COMMON_BLOCKS = YES;
				GCC_WARN_64_TO_32_BIT_CONVERSION = YES;
				GCC_WARN_ABOUT_RETURN_TYPE = YES_ERROR;
				GCC_WARN_UNDECLARED_SELECTOR = YES;
				GCC_WARN_UNINITIALIZED_AUTOS = YES_AGGRESSIVE;
				GCC_WARN_UNUSED_FUNCTION = YES;
				GCC_WARN_UNUSED_VARIABLE = YES;
				IPHONEOS_DEPLOYMENT_TARGET = 11.4;
				MTL_ENABLE_DEBUG_INFO = NO;
				SDKROOT = iphoneos;
				SWIFT_COMPILATION_MODE = wholemodule;
				SWIFT_OPTIMIZATION_LEVEL = "-O";
				VALIDATE_PRODUCT = YES;
			};
			name = Release;
		};
		A0DB1DF8214767D900808129 /* Debug */ = {
			isa = XCBuildConfiguration;
			baseConfigurationReference = EDEFC09B9497D8F076C907DE /* Pods-MVVMChat.debug.xcconfig */;
			buildSettings = {
				ASSETCATALOG_COMPILER_APPICON_NAME = AppIcon;
				CODE_SIGN_STYLE = Automatic;
				DEVELOPMENT_TEAM = 3RR8WDK6W2;
				INFOPLIST_FILE = "$(SRCROOT)/MVVMChat/Info.plist";
				LD_RUNPATH_SEARCH_PATHS = (
					"$(inherited)",
					"@executable_path/Frameworks",
				);
				PRODUCT_BUNDLE_IDENTIFIER = "com.departamento-b.MVVMChat";
				PRODUCT_NAME = "$(TARGET_NAME)";
				SWIFT_VERSION = 4.2;
				TARGETED_DEVICE_FAMILY = "1,2";
			};
			name = Debug;
		};
		A0DB1DF9214767D900808129 /* Release */ = {
			isa = XCBuildConfiguration;
			baseConfigurationReference = D098DD343EBDBD2E315B4453 /* Pods-MVVMChat.release.xcconfig */;
			buildSettings = {
				ASSETCATALOG_COMPILER_APPICON_NAME = AppIcon;
				CODE_SIGN_STYLE = Automatic;
				DEVELOPMENT_TEAM = 3RR8WDK6W2;
				INFOPLIST_FILE = "$(SRCROOT)/MVVMChat/Info.plist";
				LD_RUNPATH_SEARCH_PATHS = (
					"$(inherited)",
					"@executable_path/Frameworks",
				);
				PRODUCT_BUNDLE_IDENTIFIER = "com.departamento-b.MVVMChat";
				PRODUCT_NAME = "$(TARGET_NAME)";
				SWIFT_VERSION = 4.2;
				TARGETED_DEVICE_FAMILY = "1,2";
			};
			name = Release;
		};
/* End XCBuildConfiguration section */

/* Begin XCConfigurationList section */
		A0DB1DE0214767D800808129 /* Build configuration list for PBXProject "MVVMChat" */ = {
			isa = XCConfigurationList;
			buildConfigurations = (
				A0DB1DF5214767D900808129 /* Debug */,
				A0DB1DF6214767D900808129 /* Release */,
			);
			defaultConfigurationIsVisible = 0;
			defaultConfigurationName = Release;
		};
		A0DB1DF7214767D900808129 /* Build configuration list for PBXNativeTarget "MVVMChat" */ = {
			isa = XCConfigurationList;
			buildConfigurations = (
				A0DB1DF8214767D900808129 /* Debug */,
				A0DB1DF9214767D900808129 /* Release */,
			);
			defaultConfigurationIsVisible = 0;
			defaultConfigurationName = Release;
		};
/* End XCConfigurationList section */
	};
	rootObject = A0DB1DDD214767D800808129 /* Project object */;
}
